// !$*UTF8*$!
{
	archiveVersion = 1;
	classes = {
	};
	objectVersion = 50;
	objects = {

/* Begin PBXBuildFile section */
		19662BB324775174002A9839 /* YelpStagramCollectionViewCell.swift in Sources */ = {isa = PBXBuildFile; fileRef = 19662BB224775174002A9839 /* YelpStagramCollectionViewCell.swift */; };
		19662BB52478F22A002A9839 /* ScrollablePicViewController.swift in Sources */ = {isa = PBXBuildFile; fileRef = 19662BB42478F22A002A9839 /* ScrollablePicViewController.swift */; };
		6EB27FAB2471ACD8001CFA13 /* AppDelegate.swift in Sources */ = {isa = PBXBuildFile; fileRef = 6EB27FAA2471ACD8001CFA13 /* AppDelegate.swift */; };
		6EB27FAD2471ACD8001CFA13 /* SceneDelegate.swift in Sources */ = {isa = PBXBuildFile; fileRef = 6EB27FAC2471ACD8001CFA13 /* SceneDelegate.swift */; };
		6EB27FAF2471ACD8001CFA13 /* ViewController.swift in Sources */ = {isa = PBXBuildFile; fileRef = 6EB27FAE2471ACD8001CFA13 /* ViewController.swift */; };
		6EB27FB22471ACD8001CFA13 /* Main.storyboard in Resources */ = {isa = PBXBuildFile; fileRef = 6EB27FB02471ACD8001CFA13 /* Main.storyboard */; };
		6EB27FB42471ACDA001CFA13 /* Assets.xcassets in Resources */ = {isa = PBXBuildFile; fileRef = 6EB27FB32471ACDA001CFA13 /* Assets.xcassets */; };
		6EB27FB72471ACDA001CFA13 /* LaunchScreen.storyboard in Resources */ = {isa = PBXBuildFile; fileRef = 6EB27FB52471ACDA001CFA13 /* LaunchScreen.storyboard */; };
		6EB27FC32471ACF3001CFA13 /* Network.m in Sources */ = {isa = PBXBuildFile; fileRef = 6EB27FC12471ACF3001CFA13 /* Network.m */; };
		6EB27FC42471ACF3001CFA13 /* NetworkManager.swift in Sources */ = {isa = PBXBuildFile; fileRef = 6EB27FC22471ACF3001CFA13 /* NetworkManager.swift */; };
		6EB27FC62471AD07001CFA13 /* Place.swift in Sources */ = {isa = PBXBuildFile; fileRef = 6EB27FC52471AD07001CFA13 /* Place.swift */; };
/* End PBXBuildFile section */

/* Begin PBXFileReference section */
		19662BB224775174002A9839 /* YelpStagramCollectionViewCell.swift */ = {isa = PBXFileReference; lastKnownFileType = sourcecode.swift; path = YelpStagramCollectionViewCell.swift; sourceTree = "<group>"; };
		19662BB42478F22A002A9839 /* ScrollablePicViewController.swift */ = {isa = PBXFileReference; lastKnownFileType = sourcecode.swift; path = ScrollablePicViewController.swift; sourceTree = "<group>"; };
		6EB27FA72471ACD8001CFA13 /* YelpStagram.app */ = {isa = PBXFileReference; explicitFileType = wrapper.application; includeInIndex = 0; path = YelpStagram.app; sourceTree = BUILT_PRODUCTS_DIR; };
		6EB27FAA2471ACD8001CFA13 /* AppDelegate.swift */ = {isa = PBXFileReference; lastKnownFileType = sourcecode.swift; path = AppDelegate.swift; sourceTree = "<group>"; };
		6EB27FAC2471ACD8001CFA13 /* SceneDelegate.swift */ = {isa = PBXFileReference; lastKnownFileType = sourcecode.swift; path = SceneDelegate.swift; sourceTree = "<group>"; };
		6EB27FAE2471ACD8001CFA13 /* ViewController.swift */ = {isa = PBXFileReference; lastKnownFileType = sourcecode.swift; path = ViewController.swift; sourceTree = "<group>"; };
		6EB27FB12471ACD8001CFA13 /* Base */ = {isa = PBXFileReference; lastKnownFileType = file.storyboard; name = Base; path = Base.lproj/Main.storyboard; sourceTree = "<group>"; };
		6EB27FB32471ACDA001CFA13 /* Assets.xcassets */ = {isa = PBXFileReference; lastKnownFileType = folder.assetcatalog; path = Assets.xcassets; sourceTree = "<group>"; };
		6EB27FB62471ACDA001CFA13 /* Base */ = {isa = PBXFileReference; lastKnownFileType = file.storyboard; name = Base; path = Base.lproj/LaunchScreen.storyboard; sourceTree = "<group>"; };
		6EB27FB82471ACDA001CFA13 /* Info.plist */ = {isa = PBXFileReference; lastKnownFileType = text.plist.xml; path = Info.plist; sourceTree = "<group>"; };
		6EB27FBF2471ACF2001CFA13 /* YelpStagram-Bridging-Header.h */ = {isa = PBXFileReference; lastKnownFileType = sourcecode.c.h; path = "YelpStagram-Bridging-Header.h"; sourceTree = "<group>"; };
		6EB27FC02471ACF3001CFA13 /* Network.h */ = {isa = PBXFileReference; fileEncoding = 4; lastKnownFileType = sourcecode.c.h; path = Network.h; sourceTree = "<group>"; };
		6EB27FC12471ACF3001CFA13 /* Network.m */ = {isa = PBXFileReference; fileEncoding = 4; lastKnownFileType = sourcecode.c.objc; path = Network.m; sourceTree = "<group>"; };
		6EB27FC22471ACF3001CFA13 /* NetworkManager.swift */ = {isa = PBXFileReference; fileEncoding = 4; lastKnownFileType = sourcecode.swift; path = NetworkManager.swift; sourceTree = "<group>"; };
		6EB27FC52471AD07001CFA13 /* Place.swift */ = {isa = PBXFileReference; fileEncoding = 4; lastKnownFileType = sourcecode.swift; path = Place.swift; sourceTree = "<group>"; };
/* End PBXFileReference section */

/* Begin PBXFrameworksBuildPhase section */
		6EB27FA42471ACD8001CFA13 /* Frameworks */ = {
			isa = PBXFrameworksBuildPhase;
			buildActionMask = 2147483647;
			files = (
			);
			runOnlyForDeploymentPostprocessing = 0;
		};
/* End PBXFrameworksBuildPhase section */

/* Begin PBXGroup section */
		6EB27F9E2471ACD8001CFA13 = {
			isa = PBXGroup;
			children = (
				6EB27FA92471ACD8001CFA13 /* YelpStagram */,
				6EB27FA82471ACD8001CFA13 /* Products */,
			);
			sourceTree = "<group>";
		};
		6EB27FA82471ACD8001CFA13 /* Products */ = {
			isa = PBXGroup;
			children = (
				6EB27FA72471ACD8001CFA13 /* YelpStagram.app */,
			);
			name = Products;
			sourceTree = "<group>";
		};
		6EB27FA92471ACD8001CFA13 /* YelpStagram */ = {
			isa = PBXGroup;
			children = (
				6EB27FBE2471ACE3001CFA13 /* Network */,
				6EB27FAA2471ACD8001CFA13 /* AppDelegate.swift */,
				6EB27FAC2471ACD8001CFA13 /* SceneDelegate.swift */,
				19662BB42478F22A002A9839 /* ScrollablePicViewController.swift */,
				19662BB224775174002A9839 /* YelpStagramCollectionViewCell.swift */,
				6EB27FAE2471ACD8001CFA13 /* ViewController.swift */,
				6EB27FC52471AD07001CFA13 /* Place.swift */,
				6EB27FB02471ACD8001CFA13 /* Main.storyboard */,
				6EB27FB32471ACDA001CFA13 /* Assets.xcassets */,
				6EB27FB52471ACDA001CFA13 /* LaunchScreen.storyboard */,
				6EB27FB82471ACDA001CFA13 /* Info.plist */,
			);
			path = YelpStagram;
			sourceTree = "<group>";
		};
		6EB27FBE2471ACE3001CFA13 /* Network */ = {
			isa = PBXGroup;
			children = (
				6EB27FC02471ACF3001CFA13 /* Network.h */,
				6EB27FC12471ACF3001CFA13 /* Network.m */,
				6EB27FC22471ACF3001CFA13 /* NetworkManager.swift */,
				6EB27FBF2471ACF2001CFA13 /* YelpStagram-Bridging-Header.h */,
			);
			path = Network;
			sourceTree = "<group>";
		};
/* End PBXGroup section */

/* Begin PBXNativeTarget section */
		6EB27FA62471ACD8001CFA13 /* YelpStagram */ = {
			isa = PBXNativeTarget;
			buildConfigurationList = 6EB27FBB2471ACDA001CFA13 /* Build configuration list for PBXNativeTarget "YelpStagram" */;
			buildPhases = (
				6EB27FA32471ACD8001CFA13 /* Sources */,
				6EB27FA42471ACD8001CFA13 /* Frameworks */,
				6EB27FA52471ACD8001CFA13 /* Resources */,
			);
			buildRules = (
			);
			dependencies = (
			);
			name = YelpStagram;
			productName = YelpStagram;
			productReference = 6EB27FA72471ACD8001CFA13 /* YelpStagram.app */;
			productType = "com.apple.product-type.application";
		};
/* End PBXNativeTarget section */

/* Begin PBXProject section */
		6EB27F9F2471ACD8001CFA13 /* Project object */ = {
			isa = PBXProject;
			attributes = {
				LastSwiftUpdateCheck = 1140;
				LastUpgradeCheck = 1140;
				ORGANIZATIONNAME = "Sam Meech-Ward";
				TargetAttributes = {
					6EB27FA62471ACD8001CFA13 = {
						CreatedOnToolsVersion = 11.4.1;
						LastSwiftMigration = 1140;
					};
				};
			};
			buildConfigurationList = 6EB27FA22471ACD8001CFA13 /* Build configuration list for PBXProject "YelpStagram" */;
			compatibilityVersion = "Xcode 9.3";
			developmentRegion = en;
			hasScannedForEncodings = 0;
			knownRegions = (
				en,
				Base,
			);
			mainGroup = 6EB27F9E2471ACD8001CFA13;
			productRefGroup = 6EB27FA82471ACD8001CFA13 /* Products */;
			projectDirPath = "";
			projectRoot = "";
			targets = (
				6EB27FA62471ACD8001CFA13 /* YelpStagram */,
			);
		};
/* End PBXProject section */

/* Begin PBXResourcesBuildPhase section */
		6EB27FA52471ACD8001CFA13 /* Resources */ = {
			isa = PBXResourcesBuildPhase;
			buildActionMask = 2147483647;
			files = (
				6EB27FB72471ACDA001CFA13 /* LaunchScreen.storyboard in Resources */,
				6EB27FB42471ACDA001CFA13 /* Assets.xcassets in Resources */,
				6EB27FB22471ACD8001CFA13 /* Main.storyboard in Resources */,
			);
			runOnlyForDeploymentPostprocessing = 0;
		};
/* End PBXResourcesBuildPhase section */

/* Begin PBXSourcesBuildPhase section */
		6EB27FA32471ACD8001CFA13 /* Sources */ = {
			isa = PBXSourcesBuildPhase;
			buildActionMask = 2147483647;
			files = (
				6EB27FAF2471ACD8001CFA13 /* ViewController.swift in Sources */,
				6EB27FAB2471ACD8001CFA13 /* AppDelegate.swift in Sources */,
				6EB27FC42471ACF3001CFA13 /* NetworkManager.swift in Sources */,
				19662BB324775174002A9839 /* YelpStagramCollectionViewCell.swift in Sources */,
				6EB27FC62471AD07001CFA13 /* Place.swift in Sources */,
				6EB27FC32471ACF3001CFA13 /* Network.m in Sources */,
				19662BB52478F22A002A9839 /* ScrollablePicViewController.swift in Sources */,
				6EB27FAD2471ACD8001CFA13 /* SceneDelegate.swift in Sources */,
			);
			runOnlyForDeploymentPostprocessing = 0;
		};
/* End PBXSourcesBuildPhase section */

/* Begin PBXVariantGroup section */
		6EB27FB02471ACD8001CFA13 /* Main.storyboard */ = {
			isa = PBXVariantGroup;
			children = (
				6EB27FB12471ACD8001CFA13 /* Base */,
			);
			name = Main.storyboard;
			sourceTree = "<group>";
		};
		6EB27FB52471ACDA001CFA13 /* LaunchScreen.storyboard */ = {
			isa = PBXVariantGroup;
			children = (
				6EB27FB62471ACDA001CFA13 /* Base */,
			);
			name = LaunchScreen.storyboard;
			sourceTree = "<group>";
		};
/* End PBXVariantGroup section */

/* Begin XCBuildConfiguration section */
		6EB27FB92471ACDA001CFA13 /* Debug */ = {
			isa = XCBuildConfiguration;
			buildSettings = {
				ALWAYS_SEARCH_USER_PATHS = NO;
				CLANG_ANALYZER_NONNULL = YES;
				CLANG_ANALYZER_NUMBER_OBJECT_CONVERSION = YES_AGGRESSIVE;
				CLANG_CXX_LANGUAGE_STANDARD = "gnu++14";
				CLANG_CXX_LIBRARY = "libc++";
				CLANG_ENABLE_MODULES = YES;
				CLANG_ENABLE_OBJC_ARC = YES;
				CLANG_ENABLE_OBJC_WEAK = YES;
				CLANG_WARN_BLOCK_CAPTURE_AUTORELEASING = YES;
				CLANG_WARN_BOOL_CONVERSION = YES;
				CLANG_WARN_COMMA = YES;
				CLANG_WARN_CONSTANT_CONVERSION = YES;
				CLANG_WARN_DEPRECATED_OBJC_IMPLEMENTATIONS = YES;
				CLANG_WARN_DIRECT_OBJC_ISA_USAGE = YES_ERROR;
				CLANG_WARN_DOCUMENTATION_COMMENTS = YES;
				CLANG_WARN_EMPTY_BODY = YES;
				CLANG_WARN_ENUM_CONVERSION = YES;
				CLANG_WARN_INFINITE_RECURSION = YES;
				CLANG_WARN_INT_CONVERSION = YES;
				CLANG_WARN_NON_LITERAL_NULL_CONVERSION = YES;
				CLANG_WARN_OBJC_IMPLICIT_RETAIN_SELF = YES;
				CLANG_WARN_OBJC_LITERAL_CONVERSION = YES;
				CLANG_WARN_OBJC_ROOT_CLASS = YES_ERROR;
				CLANG_WARN_RANGE_LOOP_ANALYSIS = YES;
				CLANG_WARN_STRICT_PROTOTYPES = YES;
				CLANG_WARN_SUSPICIOUS_MOVE = YES;
				CLANG_WARN_UNGUARDED_AVAILABILITY = YES_AGGRESSIVE;
				CLANG_WARN_UNREACHABLE_CODE = YES;
				CLANG_WARN__DUPLICATE_METHOD_MATCH = YES;
				COPY_PHASE_STRIP = NO;
				DEBUG_INFORMATION_FORMAT = dwarf;
				ENABLE_STRICT_OBJC_MSGSEND = YES;
				ENABLE_TESTABILITY = YES;
				GCC_C_LANGUAGE_STANDARD = gnu11;
				GCC_DYNAMIC_NO_PIC = NO;
				GCC_NO_COMMON_BLOCKS = YES;
				GCC_OPTIMIZATION_LEVEL = 0;
				GCC_PREPROCESSOR_DEFINITIONS = (
					"DEBUG=1",
					"$(inherited)",
				);
				GCC_WARN_64_TO_32_BIT_CONVERSION = YES;
				GCC_WARN_ABOUT_RETURN_TYPE = YES_ERROR;
				GCC_WARN_UNDECLARED_SELECTOR = YES;
				GCC_WARN_UNINITIALIZED_AUTOS = YES_AGGRESSIVE;
				GCC_WARN_UNUSED_FUNCTION = YES;
				GCC_WARN_UNUSED_VARIABLE = YES;
				IPHONEOS_DEPLOYMENT_TARGET = 13.4;
				MTL_ENABLE_DEBUG_INFO = INCLUDE_SOURCE;
				MTL_FAST_MATH = YES;
				ONLY_ACTIVE_ARCH = YES;
				SDKROOT = iphoneos;
				SWIFT_ACTIVE_COMPILATION_CONDITIONS = DEBUG;
				SWIFT_OPTIMIZATION_LEVEL = "-Onone";
			};
			name = Debug;
		};
		6EB27FBA2471ACDA001CFA13 /* Release */ = {
			isa = XCBuildConfiguration;
			buildSettings = {
				ALWAYS_SEARCH_USER_PATHS = NO;
				CLANG_ANALYZER_NONNULL = YES;
				CLANG_ANALYZER_NUMBER_OBJECT_CONVERSION = YES_AGGRESSIVE;
				CLANG_CXX_LANGUAGE_STANDARD = "gnu++14";
				CLANG_CXX_LIBRARY = "libc++";
				CLANG_ENABLE_MODULES = YES;
				CLANG_ENABLE_OBJC_ARC = YES;
				CLANG_ENABLE_OBJC_WEAK = YES;
				CLANG_WARN_BLOCK_CAPTURE_AUTORELEASING = YES;
				CLANG_WARN_BOOL_CONVERSION = YES;
				CLANG_WARN_COMMA = YES;
				CLANG_WARN_CONSTANT_CONVERSION = YES;
				CLANG_WARN_DEPRECATED_OBJC_IMPLEMENTATIONS = YES;
				CLANG_WARN_DIRECT_OBJC_ISA_USAGE = YES_ERROR;
				CLANG_WARN_DOCUMENTATION_COMMENTS = YES;
				CLANG_WARN_EMPTY_BODY = YES;
				CLANG_WARN_ENUM_CONVERSION = YES;
				CLANG_WARN_INFINITE_RECURSION = YES;
				CLANG_WARN_INT_CONVERSION = YES;
				CLANG_WARN_NON_LITERAL_NULL_CONVERSION = YES;
				CLANG_WARN_OBJC_IMPLICIT_RETAIN_SELF = YES;
				CLANG_WARN_OBJC_LITERAL_CONVERSION = YES;
				CLANG_WARN_OBJC_ROOT_CLASS = YES_ERROR;
				CLANG_WARN_RANGE_LOOP_ANALYSIS = YES;
				CLANG_WARN_STRICT_PROTOTYPES = YES;
				CLANG_WARN_SUSPICIOUS_MOVE = YES;
				CLANG_WARN_UNGUARDED_AVAILABILITY = YES_AGGRESSIVE;
				CLANG_WARN_UNREACHABLE_CODE = YES;
				CLANG_WARN__DUPLICATE_METHOD_MATCH = YES;
				COPY_PHASE_STRIP = NO;
				DEBUG_INFORMATION_FORMAT = "dwarf-with-dsym";
				ENABLE_NS_ASSERTIONS = NO;
				ENABLE_STRICT_OBJC_MSGSEND = YES;
				GCC_C_LANGUAGE_STANDARD = gnu11;
				GCC_NO_COMMON_BLOCKS = YES;
				GCC_WARN_64_TO_32_BIT_CONVERSION = YES;
				GCC_WARN_ABOUT_RETURN_TYPE = YES_ERROR;
				GCC_WARN_UNDECLARED_SELECTOR = YES;
				GCC_WARN_UNINITIALIZED_AUTOS = YES_AGGRESSIVE;
				GCC_WARN_UNUSED_FUNCTION = YES;
				GCC_WARN_UNUSED_VARIABLE = YES;
				IPHONEOS_DEPLOYMENT_TARGET = 13.4;
				MTL_ENABLE_DEBUG_INFO = NO;
				MTL_FAST_MATH = YES;
				SDKROOT = iphoneos;
				SWIFT_COMPILATION_MODE = wholemodule;
				SWIFT_OPTIMIZATION_LEVEL = "-O";
				VALIDATE_PRODUCT = YES;
			};
			name = Release;
		};
		6EB27FBC2471ACDA001CFA13 /* Debug */ = {
			isa = XCBuildConfiguration;
			buildSettings = {
				ASSETCATALOG_COMPILER_APPICON_NAME = AppIcon;
				CLANG_ENABLE_MODULES = YES;
				CODE_SIGN_STYLE = Automatic;
				INFOPLIST_FILE = YelpStagram/Info.plist;
				LD_RUNPATH_SEARCH_PATHS = (
					"$(inherited)",
					"@executable_path/Frameworks",
				);
				PRODUCT_BUNDLE_IDENTIFIER = "com.meech-ward.YelpStagram";
				PRODUCT_NAME = "$(TARGET_NAME)";
				SWIFT_OBJC_BRIDGING_HEADER = "YelpStagram/Network/YelpStagram-Bridging-Header.h";
				SWIFT_OPTIMIZATION_LEVEL = "-Onone";
				SWIFT_VERSION = 5.0;
				TARGETED_DEVICE_FAMILY = "1,2";
			};
			name = Debug;
		};
		6EB27FBD2471ACDA001CFA13 /* Release */ = {
			isa = XCBuildConfiguration;
			buildSettings = {
				ASSETCATALOG_COMPILER_APPICON_NAME = AppIcon;
				CLANG_ENABLE_MODULES = YES;
				CODE_SIGN_STYLE = Automatic;
				INFOPLIST_FILE = YelpStagram/Info.plist;
				LD_RUNPATH_SEARCH_PATHS = (
					"$(inherited)",
					"@executable_path/Frameworks",
				);
				PRODUCT_BUNDLE_IDENTIFIER = "com.meech-ward.YelpStagram";
				PRODUCT_NAME = "$(TARGET_NAME)";
				SWIFT_OBJC_BRIDGING_HEADER = "YelpStagram/Network/YelpStagram-Bridging-Header.h";
				SWIFT_VERSION = 5.0;
				TARGETED_DEVICE_FAMILY = "1,2";
			};
			name = Release;
		};
/* End XCBuildConfiguration section */

/* Begin XCConfigurationList section */
		6EB27FA22471ACD8001CFA13 /* Build configuration list for PBXProject "YelpStagram" */ = {
			isa = XCConfigurationList;
			buildConfigurations = (
				6EB27FB92471ACDA001CFA13 /* Debug */,
				6EB27FBA2471ACDA001CFA13 /* Release */,
			);
			defaultConfigurationIsVisible = 0;
			defaultConfigurationName = Release;
		};
		6EB27FBB2471ACDA001CFA13 /* Build configuration list for PBXNativeTarget "YelpStagram" */ = {
			isa = XCConfigurationList;
			buildConfigurations = (
				6EB27FBC2471ACDA001CFA13 /* Debug */,
				6EB27FBD2471ACDA001CFA13 /* Release */,
			);
			defaultConfigurationIsVisible = 0;
			defaultConfigurationName = Release;
		};
/* End XCConfigurationList section */
	};
	rootObject = 6EB27F9F2471ACD8001CFA13 /* Project object */;
}
